
Microsoft Visual Studio Solution File, Format Version 12.00
# Visual Studio Version 16
VisualStudioVersion = 16.0.31229.75
MinimumVisualStudioVersion = 10.0.40219.1
Project("{FAE04EC0-301F-11D3-BF4B-00C04F79EFBC}") = "3.1.3", "3.1.3\3.1.3.csproj", "{8EB0F646-D95F-45E7-9E69-9B9AC0C0CE89}"
EndProject
Global
	GlobalSection(SolutionConfigurationPlatforms) = preSolution
		Debug|Any CPU = Debug|Any CPU
		Release|Any CPU = Release|Any CPU
	EndGlobalSection
	GlobalSection(ProjectConfigurationPlatforms) = postSolution
		{8EB0F646-D95F-45E7-9E69-9B9AC0C0CE89}.Debug|Any CPU.ActiveCfg = Debug|Any CPU
		{8EB0F646-D95F-45E7-9E69-9B9AC0C0CE89}.Debug|Any CPU.Build.0 = Debug|Any CPU
		{8EB0F646-D95F-45E7-9E69-9B9AC0C0CE89}.Release|Any CPU.ActiveCfg = Release|Any CPU
		{8EB0F646-D95F-45E7-9E69-9B9AC0C0CE89}.Release|Any CPU.Build.0 = Release|Any CPU
	EndGlobalSection
	GlobalSection(SolutionProperties) = preSolution
		HideSolutionNode = FALSE
	EndGlobalSection
	GlobalSection(ExtensibilityGlobals) = postSolution
		SolutionGuid = {3484969F-DDDE-4203-AB0A-3AAF281BDFF2}
	EndGlobalSection
EndGlobal
