
Microsoft Visual Studio Solution File, Format Version 12.00
# Visual Studio Version 16
VisualStudioVersion = 16.0.31229.75
MinimumVisualStudioVersion = 10.0.40219.1
Project("{FAE04EC0-301F-11D3-BF4B-00C04F79EFBC}") = "3.1.2", "3.1.2\3.1.2.csproj", "{FB36A234-1B20-4938-9B1F-4CFF5BB46C1F}"
EndProject
Global
	GlobalSection(SolutionConfigurationPlatforms) = preSolution
		Debug|Any CPU = Debug|Any CPU
		Release|Any CPU = Release|Any CPU
	EndGlobalSection
	GlobalSection(ProjectConfigurationPlatforms) = postSolution
		{FB36A234-1B20-4938-9B1F-4CFF5BB46C1F}.Debug|Any CPU.ActiveCfg = Debug|Any CPU
		{FB36A234-1B20-4938-9B1F-4CFF5BB46C1F}.Debug|Any CPU.Build.0 = Debug|Any CPU
		{FB36A234-1B20-4938-9B1F-4CFF5BB46C1F}.Release|Any CPU.ActiveCfg = Release|Any CPU
		{FB36A234-1B20-4938-9B1F-4CFF5BB46C1F}.Release|Any CPU.Build.0 = Release|Any CPU
	EndGlobalSection
	GlobalSection(SolutionProperties) = preSolution
		HideSolutionNode = FALSE
	EndGlobalSection
	GlobalSection(ExtensibilityGlobals) = postSolution
		SolutionGuid = {6FBDD64F-A44D-47DB-8B68-A471A4282FB1}
	EndGlobalSection
EndGlobal
